
Microsoft Visual Studio Solution File, Format Version 12.00
# Visual Studio Version 16
VisualStudioVersion = 16.0.31729.503
MinimumVisualStudioVersion = 10.0.40219.1
Project("{FAE04EC0-301F-11D3-BF4B-00C04F79EFBC}") = "ServerConfigMtk-P2-20190140053", "ServerConfigMtk-P2-20190140053\ServerConfigMtk-P2-20190140053.csproj", "{4A3F7EBC-4B6F-4E03-8237-161BC9791B21}"
EndProject
Global
	GlobalSection(SolutionConfigurationPlatforms) = preSolution
		Debug|Any CPU = Debug|Any CPU
		Release|Any CPU = Release|Any CPU
	EndGlobalSection
	GlobalSection(ProjectConfigurationPlatforms) = postSolution
		{4A3F7EBC-4B6F-4E03-8237-161BC9791B21}.Debug|Any CPU.ActiveCfg = Debug|Any CPU
		{4A3F7EBC-4B6F-4E03-8237-161BC9791B21}.Debug|Any CPU.Build.0 = Debug|Any CPU
		{4A3F7EBC-4B6F-4E03-8237-161BC9791B21}.Release|Any CPU.ActiveCfg = Release|Any CPU
		{4A3F7EBC-4B6F-4E03-8237-161BC9791B21}.Release|Any CPU.Build.0 = Release|Any CPU
	EndGlobalSection
	GlobalSection(SolutionProperties) = preSolution
		HideSolutionNode = FALSE
	EndGlobalSection
	GlobalSection(ExtensibilityGlobals) = postSolution
		SolutionGuid = {0BE99076-FBCA-4AF1-AF74-E6AC1FDDED6B}
	EndGlobalSection
EndGlobal
